
Microsoft Visual Studio Solution File, Format Version 12.00
# Visual Studio Version 17
VisualStudioVersion = 17.14.36915.13
MinimumVisualStudioVersion = 10.0.40219.1
Project("{FAE04EC0-301F-11D3-BF4B-00C04F79EFBC}") = "E-commerce", "E-commerce\E-commerce.csproj", "{757DBC8E-FB7C-4C65-9052-AB591EFA6435}"
EndProject
Project("{FAE04EC0-301F-11D3-BF4B-00C04F79EFBC}") = "BulkyBook.Business", "BulkyBook.Business\BulkyBook.Business.csproj", "{FA2F75D6-A005-4F21-929C-A065D01DA2BF}"
EndProject
Project("{FAE04EC0-301F-11D3-BF4B-00C04F79EFBC}") = "Bulky.DataAccess", "Bulky.DataAccess\Bulky.DataAccess.csproj", "{2CBF44E1-E46B-4564-B362-4AB28EA57BD2}"
EndProject
Project("{FAE04EC0-301F-11D3-BF4B-00C04F79EFBC}") = "Bulky.Models", "Bulky.Models\Bulky.Models.csproj", "{CDC74083-5BB6-416B-9A96-7DEB98181721}"
EndProject
Global
	GlobalSection(SolutionConfigurationPlatforms) = preSolution
		Debug|Any CPU = Debug|Any CPU
		Release|Any CPU = Release|Any CPU
	EndGlobalSection
	GlobalSection(ProjectConfigurationPlatforms) = postSolution
		{757DBC8E-FB7C-4C65-9052-AB591EFA6435}.Debug|Any CPU.ActiveCfg = Debug|Any CPU
		{757DBC8E-FB7C-4C65-9052-AB591EFA6435}.Debug|Any CPU.Build.0 = Debug|Any CPU
		{757DBC8E-FB7C-4C65-9052-AB591EFA6435}.Release|Any CPU.ActiveCfg = Release|Any CPU
		{757DBC8E-FB7C-4C65-9052-AB591EFA6435}.Release|Any CPU.Build.0 = Release|Any CPU
		{FA2F75D6-A005-4F21-929C-A065D01DA2BF}.Debug|Any CPU.ActiveCfg = Debug|Any CPU
		{FA2F75D6-A005-4F21-929C-A065D01DA2BF}.Debug|Any CPU.Build.0 = Debug|Any CPU
		{FA2F75D6-A005-4F21-929C-A065D01DA2BF}.Release|Any CPU.ActiveCfg = Release|Any CPU
		{FA2F75D6-A005-4F21-929C-A065D01DA2BF}.Release|Any CPU.Build.0 = Release|Any CPU
		{2CBF44E1-E46B-4564-B362-4AB28EA57BD2}.Debug|Any CPU.ActiveCfg = Debug|Any CPU
		{2CBF44E1-E46B-4564-B362-4AB28EA57BD2}.Debug|Any CPU.Build.0 = Debug|Any CPU
		{2CBF44E1-E46B-4564-B362-4AB28EA57BD2}.Release|Any CPU.ActiveCfg = Release|Any CPU
		{2CBF44E1-E46B-4564-B362-4AB28EA57BD2}.Release|Any CPU.Build.0 = Release|Any CPU
		{CDC74083-5BB6-416B-9A96-7DEB98181721}.Debug|Any CPU.ActiveCfg = Debug|Any CPU
		{CDC74083-5BB6-416B-9A96-7DEB98181721}.Debug|Any CPU.Build.0 = Debug|Any CPU
		{CDC74083-5BB6-416B-9A96-7DEB98181721}.Release|Any CPU.ActiveCfg = Release|Any CPU
		{CDC74083-5BB6-416B-9A96-7DEB98181721}.Release|Any CPU.Build.0 = Release|Any CPU
	EndGlobalSection
	GlobalSection(SolutionProperties) = preSolution
		HideSolutionNode = FALSE
	EndGlobalSection
	GlobalSection(ExtensibilityGlobals) = postSolution
		SolutionGuid = {ADAAFC3E-CE69-45F6-BFF8-A28E33AC662D}
	EndGlobalSection
EndGlobal
